
Microsoft Visual Studio Solution File, Format Version 12.00
Project("{2150E333-8FDC-42A3-9474-1A3956D46DE8}") = "src", "src", "{827E0CD3-B72D-47B6-A68D-7590B98EB39B}"
EndProject
Project("{FAE04EC0-301F-11D3-BF4B-00C04F79EFBC}") = "VoltGrid.Domain", "src\VoltGrid.Domain\VoltGrid.Domain.csproj", "{A3E08491-2968-4E3E-81E0-835CBF594E25}"
EndProject
Project("{FAE04EC0-301F-11D3-BF4B-00C04F79EFBC}") = "VoltGrid.Application", "src\VoltGrid.Application\VoltGrid.Application.csproj", "{281E9F91-D3A8-437A-B2D8-30D2FF54D9B3}"
EndProject
Project("{FAE04EC0-301F-11D3-BF4B-00C04F79EFBC}") = "VoltGrid.Contracts", "src\VoltGrid.Contracts\VoltGrid.Contracts.csproj", "{79D85181-367F-47F5-BFAC-521E30666F70}"
EndProject
Project("{FAE04EC0-301F-11D3-BF4B-00C04F79EFBC}") = "VoltGrid.Gateway", "src\VoltGrid.Gateway\VoltGrid.Gateway.csproj", "{A5F84BDA-13AB-4668-831A-62869AB3EFBD}"
EndProject
Project("{FAE04EC0-301F-11D3-BF4B-00C04F79EFBC}") = "VoltGrid.Charging.Api", "src\VoltGrid.Charging.Api\VoltGrid.Charging.Api.csproj", "{9332E52B-9AC6-43DE-841B-C4EDF8467003}"
EndProject
Project("{FAE04EC0-301F-11D3-BF4B-00C04F79EFBC}") = "VoltGrid.Station.Simulator", "src\VoltGrid.Station.Simulator\VoltGrid.Station.Simulator.csproj", "{F29C237D-2814-433B-982E-87F88EFABB5E}"
EndProject
Project("{FAE04EC0-301F-11D3-BF4B-00C04F79EFBC}") = "VoltGrid.Infrastructure", "src\VoltGrid.Infrastructure\VoltGrid.Infrastructure.csproj", "{95A5CF89-8EB8-4773-AB7B-9DFC439819AB}"
EndProject
Global
	GlobalSection(SolutionConfigurationPlatforms) = preSolution
		Debug|Any CPU = Debug|Any CPU
		Debug|x64 = Debug|x64
		Debug|x86 = Debug|x86
		Release|Any CPU = Release|Any CPU
		Release|x64 = Release|x64
		Release|x86 = Release|x86
	EndGlobalSection
	GlobalSection(ProjectConfigurationPlatforms) = postSolution
		{A3E08491-2968-4E3E-81E0-835CBF594E25}.Debug|Any CPU.ActiveCfg = Debug|Any CPU
		{A3E08491-2968-4E3E-81E0-835CBF594E25}.Debug|Any CPU.Build.0 = Debug|Any CPU
		{A3E08491-2968-4E3E-81E0-835CBF594E25}.Debug|x64.ActiveCfg = Debug|Any CPU
		{A3E08491-2968-4E3E-81E0-835CBF594E25}.Debug|x64.Build.0 = Debug|Any CPU
		{A3E08491-2968-4E3E-81E0-835CBF594E25}.Debug|x86.ActiveCfg = Debug|Any CPU
		{A3E08491-2968-4E3E-81E0-835CBF594E25}.Debug|x86.Build.0 = Debug|Any CPU
		{A3E08491-2968-4E3E-81E0-835CBF594E25}.Release|Any CPU.ActiveCfg = Release|Any CPU
		{A3E08491-2968-4E3E-81E0-835CBF594E25}.Release|Any CPU.Build.0 = Release|Any CPU
		{A3E08491-2968-4E3E-81E0-835CBF594E25}.Release|x64.ActiveCfg = Release|Any CPU
		{A3E08491-2968-4E3E-81E0-835CBF594E25}.Release|x64.Build.0 = Release|Any CPU
		{A3E08491-2968-4E3E-81E0-835CBF594E25}.Release|x86.ActiveCfg = Release|Any CPU
		{A3E08491-2968-4E3E-81E0-835CBF594E25}.Release|x86.Build.0 = Release|Any CPU
		{281E9F91-D3A8-437A-B2D8-30D2FF54D9B3}.Debug|Any CPU.ActiveCfg = Debug|Any CPU
		{281E9F91-D3A8-437A-B2D8-30D2FF54D9B3}.Debug|Any CPU.Build.0 = Debug|Any CPU
		{281E9F91-D3A8-437A-B2D8-30D2FF54D9B3}.Debug|x64.ActiveCfg = Debug|Any CPU
		{281E9F91-D3A8-437A-B2D8-30D2FF54D9B3}.Debug|x64.Build.0 = Debug|Any CPU
		{281E9F91-D3A8-437A-B2D8-30D2FF54D9B3}.Debug|x86.ActiveCfg = Debug|Any CPU
		{281E9F91-D3A8-437A-B2D8-30D2FF54D9B3}.Debug|x86.Build.0 = Debug|Any CPU
		{281E9F91-D3A8-437A-B2D8-30D2FF54D9B3}.Release|Any CPU.ActiveCfg = Release|Any CPU
		{281E9F91-D3A8-437A-B2D8-30D2FF54D9B3}.Release|Any CPU.Build.0 = Release|Any CPU
		{281E9F91-D3A8-437A-B2D8-30D2FF54D9B3}.Release|x64.ActiveCfg = Release|Any CPU
		{281E9F91-D3A8-437A-B2D8-30D2FF54D9B3}.Release|x64.Build.0 = Release|Any CPU
		{281E9F91-D3A8-437A-B2D8-30D2FF54D9B3}.Release|x86.ActiveCfg = Release|Any CPU
		{281E9F91-D3A8-437A-B2D8-30D2FF54D9B3}.Release|x86.Build.0 = Release|Any CPU
		{79D85181-367F-47F5-BFAC-521E30666F70}.Debug|Any CPU.ActiveCfg = Debug|Any CPU
		{79D85181-367F-47F5-BFAC-521E30666F70}.Debug|Any CPU.Build.0 = Debug|Any CPU
		{79D85181-367F-47F5-BFAC-521E30666F70}.Debug|x64.ActiveCfg = Debug|Any CPU
		{79D85181-367F-47F5-BFAC-521E30666F70}.Debug|x64.Build.0 = Debug|Any CPU
		{79D85181-367F-47F5-BFAC-521E30666F70}.Debug|x86.ActiveCfg = Debug|Any CPU
		{79D85181-367F-47F5-BFAC-521E30666F70}.Debug|x86.Build.0 = Debug|Any CPU
		{79D85181-367F-47F5-BFAC-521E30666F70}.Release|Any CPU.ActiveCfg = Release|Any CPU
		{79D85181-367F-47F5-BFAC-521E30666F70}.Release|Any CPU.Build.0 = Release|Any CPU
		{79D85181-367F-47F5-BFAC-521E30666F70}.Release|x64.ActiveCfg = Release|Any CPU
		{79D85181-367F-47F5-BFAC-521E30666F70}.Release|x64.Build.0 = Release|Any CPU
		{79D85181-367F-47F5-BFAC-521E30666F70}.Release|x86.ActiveCfg = Release|Any CPU
		{79D85181-367F-47F5-BFAC-521E30666F70}.Release|x86.Build.0 = Release|Any CPU
		{A5F84BDA-13AB-4668-831A-62869AB3EFBD}.Debug|Any CPU.ActiveCfg = Debug|Any CPU
		{A5F84BDA-13AB-4668-831A-62869AB3EFBD}.Debug|Any CPU.Build.0 = Debug|Any CPU
		{A5F84BDA-13AB-4668-831A-62869AB3EFBD}.Debug|x64.ActiveCfg = Debug|Any CPU
		{A5F84BDA-13AB-4668-831A-62869AB3EFBD}.Debug|x64.Build.0 = Debug|Any CPU
		{A5F84BDA-13AB-4668-831A-62869AB3EFBD}.Debug|x86.ActiveCfg = Debug|Any CPU
		{A5F84BDA-13AB-4668-831A-62869AB3EFBD}.Debug|x86.Build.0 = Debug|Any CPU
		{A5F84BDA-13AB-4668-831A-62869AB3EFBD}.Release|Any CPU.ActiveCfg = Release|Any CPU
		{A5F84BDA-13AB-4668-831A-62869AB3EFBD}.Release|Any CPU.Build.0 = Release|Any CPU
		{A5F84BDA-13AB-4668-831A-62869AB3EFBD}.Release|x64.ActiveCfg = Release|Any CPU
		{A5F84BDA-13AB-4668-831A-62869AB3EFBD}.Release|x64.Build.0 = Release|Any CPU
		{A5F84BDA-13AB-4668-831A-62869AB3EFBD}.Release|x86.ActiveCfg = Release|Any CPU
		{A5F84BDA-13AB-4668-831A-62869AB3EFBD}.Release|x86.Build.0 = Release|Any CPU
		{9332E52B-9AC6-43DE-841B-C4EDF8467003}.Debug|Any CPU.ActiveCfg = Debug|Any CPU
		{9332E52B-9AC6-43DE-841B-C4EDF8467003}.Debug|Any CPU.Build.0 = Debug|Any CPU
		{9332E52B-9AC6-43DE-841B-C4EDF8467003}.Debug|x64.ActiveCfg = Debug|Any CPU
		{9332E52B-9AC6-43DE-841B-C4EDF8467003}.Debug|x64.Build.0 = Debug|Any CPU
		{9332E52B-9AC6-43DE-841B-C4EDF8467003}.Debug|x86.ActiveCfg = Debug|Any CPU
		{9332E52B-9AC6-43DE-841B-C4EDF8467003}.Debug|x86.Build.0 = Debug|Any CPU
		{9332E52B-9AC6-43DE-841B-C4EDF8467003}.Release|Any CPU.ActiveCfg = Release|Any CPU
		{9332E52B-9AC6-43DE-841B-C4EDF8467003}.Release|Any CPU.Build.0 = Release|Any CPU
		{9332E52B-9AC6-43DE-841B-C4EDF8467003}.Release|x64.ActiveCfg = Release|Any CPU
		{9332E52B-9AC6-43DE-841B-C4EDF8467003}.Release|x64.Build.0 = Release|Any CPU
		{9332E52B-9AC6-43DE-841B-C4EDF8467003}.Release|x86.ActiveCfg = Release|Any CPU
		{9332E52B-9AC6-43DE-841B-C4EDF8467003}.Release|x86.Build.0 = Release|Any CPU
		{F29C237D-2814-433B-982E-87F88EFABB5E}.Debug|Any CPU.ActiveCfg = Debug|Any CPU
		{F29C237D-2814-433B-982E-87F88EFABB5E}.Debug|Any CPU.Build.0 = Debug|Any CPU
		{F29C237D-2814-433B-982E-87F88EFABB5E}.Debug|x64.ActiveCfg = Debug|Any CPU
		{F29C237D-2814-433B-982E-87F88EFABB5E}.Debug|x64.Build.0 = Debug|Any CPU
		{F29C237D-2814-433B-982E-87F88EFABB5E}.Debug|x86.ActiveCfg = Debug|Any CPU
		{F29C237D-2814-433B-982E-87F88EFABB5E}.Debug|x86.Build.0 = Debug|Any CPU
		{F29C237D-2814-433B-982E-87F88EFABB5E}.Release|Any CPU.ActiveCfg = Release|Any CPU
		{F29C237D-2814-433B-982E-87F88EFABB5E}.Release|Any CPU.Build.0 = Release|Any CPU
		{F29C237D-2814-433B-982E-87F88EFABB5E}.Release|x64.ActiveCfg = Release|Any CPU
		{F29C237D-2814-433B-982E-87F88EFABB5E}.Release|x64.Build.0 = Release|Any CPU
		{F29C237D-2814-433B-982E-87F88EFABB5E}.Release|x86.ActiveCfg = Release|Any CPU
		{F29C237D-2814-433B-982E-87F88EFABB5E}.Release|x86.Build.0 = Release|Any CPU
		{95A5CF89-8EB8-4773-AB7B-9DFC439819AB}.Debug|Any CPU.ActiveCfg = Debug|Any CPU
		{95A5CF89-8EB8-4773-AB7B-9DFC439819AB}.Debug|Any CPU.Build.0 = Debug|Any CPU
		{95A5CF89-8EB8-4773-AB7B-9DFC439819AB}.Debug|x64.ActiveCfg = Debug|Any CPU
		{95A5CF89-8EB8-4773-AB7B-9DFC439819AB}.Debug|x64.Build.0 = Debug|Any CPU
		{95A5CF89-8EB8-4773-AB7B-9DFC439819AB}.Debug|x86.ActiveCfg = Debug|Any CPU
		{95A5CF89-8EB8-4773-AB7B-9DFC439819AB}.Debug|x86.Build.0 = Debug|Any CPU
		{95A5CF89-8EB8-4773-AB7B-9DFC439819AB}.Release|Any CPU.ActiveCfg = Release|Any CPU
		{95A5CF89-8EB8-4773-AB7B-9DFC439819AB}.Release|Any CPU.Build.0 = Release|Any CPU
		{95A5CF89-8EB8-4773-AB7B-9DFC439819AB}.Release|x64.ActiveCfg = Release|Any CPU
		{95A5CF89-8EB8-4773-AB7B-9DFC439819AB}.Release|x64.Build.0 = Release|Any CPU
		{95A5CF89-8EB8-4773-AB7B-9DFC439819AB}.Release|x86.ActiveCfg = Release|Any CPU
		{95A5CF89-8EB8-4773-AB7B-9DFC439819AB}.Release|x86.Build.0 = Release|Any CPU
	EndGlobalSection
	GlobalSection(SolutionProperties) = preSolution
		HideSolutionNode = FALSE
	EndGlobalSection
	GlobalSection(NestedProjects) = preSolution
		{A3E08491-2968-4E3E-81E0-835CBF594E25} = {827E0CD3-B72D-47B6-A68D-7590B98EB39B}
		{281E9F91-D3A8-437A-B2D8-30D2FF54D9B3} = {827E0CD3-B72D-47B6-A68D-7590B98EB39B}
		{79D85181-367F-47F5-BFAC-521E30666F70} = {827E0CD3-B72D-47B6-A68D-7590B98EB39B}
		{A5F84BDA-13AB-4668-831A-62869AB3EFBD} = {827E0CD3-B72D-47B6-A68D-7590B98EB39B}
		{9332E52B-9AC6-43DE-841B-C4EDF8467003} = {827E0CD3-B72D-47B6-A68D-7590B98EB39B}
		{F29C237D-2814-433B-982E-87F88EFABB5E} = {827E0CD3-B72D-47B6-A68D-7590B98EB39B}
		{95A5CF89-8EB8-4773-AB7B-9DFC439819AB} = {827E0CD3-B72D-47B6-A68D-7590B98EB39B}
	EndGlobalSection
EndGlobal
